
Microsoft Visual Studio Solution File, Format Version 12.00
# Visual Studio Version 17
VisualStudioVersion = 17.7.34031.279
MinimumVisualStudioVersion = 10.0.40219.1
Project("{FAE04EC0-301F-11D3-BF4B-00C04F79EFBC}") = "code", "code.csproj", "{37649655-3EB8-425F-8AF4-9A9AE7D60965}"
EndProject
Global
	GlobalSection(SolutionConfigurationPlatforms) = preSolution
		Debug|Any CPU = Debug|Any CPU
		Release|Any CPU = Release|Any CPU
	EndGlobalSection
	GlobalSection(ProjectConfigurationPlatforms) = postSolution
		{37649655-3EB8-425F-8AF4-9A9AE7D60965}.Debug|Any CPU.ActiveCfg = Debug|Any CPU
		{37649655-3EB8-425F-8AF4-9A9AE7D60965}.Debug|Any CPU.Build.0 = Debug|Any CPU
		{37649655-3EB8-425F-8AF4-9A9AE7D60965}.Release|Any CPU.ActiveCfg = Release|Any CPU
		{37649655-3EB8-425F-8AF4-9A9AE7D60965}.Release|Any CPU.Build.0 = Release|Any CPU
	EndGlobalSection
	GlobalSection(SolutionProperties) = preSolution
		HideSolutionNode = FALSE
	EndGlobalSection
	GlobalSection(ExtensibilityGlobals) = postSolution
		SolutionGuid = {D9ECCCE7-C52D-4047-AE2E-52AB9F9E3EF7}
	EndGlobalSection
EndGlobal
